
Microsoft Visual Studio Solution File, Format Version 12.00
# Visual Studio Version 16
VisualStudioVersion = 16.0.33529.622
MinimumVisualStudioVersion = 10.0.40219.1
Project("{FAE04EC0-301F-11D3-BF4B-00C04F79EFBC}") = "DesignPatterns", "DesignPatterns\DesignPatterns.csproj", "{3BAB6024-FAA4-4705-BD81-40921B06837B}"
EndProject
Global
	GlobalSection(SolutionConfigurationPlatforms) = preSolution
		Debug|Any CPU = Debug|Any CPU
		Release|Any CPU = Release|Any CPU
	EndGlobalSection
	GlobalSection(ProjectConfigurationPlatforms) = postSolution
		{3BAB6024-FAA4-4705-BD81-40921B06837B}.Debug|Any CPU.ActiveCfg = Debug|Any CPU
		{3BAB6024-FAA4-4705-BD81-40921B06837B}.Debug|Any CPU.Build.0 = Debug|Any CPU
		{3BAB6024-FAA4-4705-BD81-40921B06837B}.Release|Any CPU.ActiveCfg = Release|Any CPU
		{3BAB6024-FAA4-4705-BD81-40921B06837B}.Release|Any CPU.Build.0 = Release|Any CPU
	EndGlobalSection
	GlobalSection(SolutionProperties) = preSolution
		HideSolutionNode = FALSE
	EndGlobalSection
	GlobalSection(ExtensibilityGlobals) = postSolution
		SolutionGuid = {731CDBBF-34B6-4270-8681-34DABBF7649D}
	EndGlobalSection
EndGlobal
